
Microsoft Visual Studio Solution File, Format Version 12.00
# Visual Studio Version 16
VisualStudioVersion = 16.0.31313.79
MinimumVisualStudioVersion = 10.0.40219.1
Project("{9A19103F-16F7-4668-BE54-9A1E7A4F7556}") = "PoissonSoft.KrakenApi", "PoissonSoft.KrakenApi\PoissonSoft.KrakenApi.csproj", "{B06F0B48-AAA7-4BE5-859D-F48CBC3A4F78}"
EndProject
Project("{FAE04EC0-301F-11D3-BF4B-00C04F79EFBC}") = "KrakenApi.Example", "KrakenApi.Example\KrakenApi.Example.csproj", "{A06DF00F-C4E9-439A-BF32-050D05EBFA25}"
EndProject
Global
	GlobalSection(SolutionConfigurationPlatforms) = preSolution
		Debug|Any CPU = Debug|Any CPU
		Release|Any CPU = Release|Any CPU
	EndGlobalSection
	GlobalSection(ProjectConfigurationPlatforms) = postSolution
		{B06F0B48-AAA7-4BE5-859D-F48CBC3A4F78}.Debug|Any CPU.ActiveCfg = Debug|Any CPU
		{B06F0B48-AAA7-4BE5-859D-F48CBC3A4F78}.Debug|Any CPU.Build.0 = Debug|Any CPU
		{B06F0B48-AAA7-4BE5-859D-F48CBC3A4F78}.Release|Any CPU.ActiveCfg = Release|Any CPU
		{B06F0B48-AAA7-4BE5-859D-F48CBC3A4F78}.Release|Any CPU.Build.0 = Release|Any CPU
		{A06DF00F-C4E9-439A-BF32-050D05EBFA25}.Debug|Any CPU.ActiveCfg = Debug|Any CPU
		{A06DF00F-C4E9-439A-BF32-050D05EBFA25}.Debug|Any CPU.Build.0 = Debug|Any CPU
		{A06DF00F-C4E9-439A-BF32-050D05EBFA25}.Release|Any CPU.ActiveCfg = Release|Any CPU
		{A06DF00F-C4E9-439A-BF32-050D05EBFA25}.Release|Any CPU.Build.0 = Release|Any CPU
	EndGlobalSection
	GlobalSection(SolutionProperties) = preSolution
		HideSolutionNode = FALSE
	EndGlobalSection
	GlobalSection(ExtensibilityGlobals) = postSolution
		SolutionGuid = {426A8FF4-A43E-4A89-A34F-4B13B9368EBB}
	EndGlobalSection
EndGlobal
